// !$*UTF8*$!
{
	archiveVersion = 1;
	classes = {
	};
	objectVersion = 46;
	objects = {

/* Begin PBXBuildFile section */
		BC2783A91AA1DC2600265684 /* Foundation.framework in Frameworks */ = {isa = PBXBuildFile; fileRef = BC2783A81AA1DC2600265684 /* Foundation.framework */; };
		BC2783AB1AA1DC2600265684 /* CoreGraphics.framework in Frameworks */ = {isa = PBXBuildFile; fileRef = BC2783AA1AA1DC2600265684 /* CoreGraphics.framework */; };
		BC2783AD1AA1DC2600265684 /* UIKit.framework in Frameworks */ = {isa = PBXBuildFile; fileRef = BC2783AC1AA1DC2600265684 /* UIKit.framework */; };
		BC2783B31AA1DC2600265684 /* InfoPlist.strings in Resources */ = {isa = PBXBuildFile; fileRef = BC2783B11AA1DC2600265684 /* InfoPlist.strings */; };
		BC2783B51AA1DC2600265684 /* main.m in Sources */ = {isa = PBXBuildFile; fileRef = BC2783B41AA1DC2600265684 /* main.m */; };
		BC2783B91AA1DC2600265684 /* AppDelegate.m in Sources */ = {isa = PBXBuildFile; fileRef = BC2783B81AA1DC2600265684 /* AppDelegate.m */; };
		BC2783BC1AA1DC2600265684 /* Main.storyboard in Resources */ = {isa = PBXBuildFile; fileRef = BC2783BA1AA1DC2600265684 /* Main.storyboard */; };
		BC2783BF1AA1DC2600265684 /* ViewController.m in Sources */ = {isa = PBXBuildFile; fileRef = BC2783BE1AA1DC2600265684 /* ViewController.m */; };
		BC2783C11AA1DC2600265684 /* Images.xcassets in Resources */ = {isa = PBXBuildFile; fileRef = BC2783C01AA1DC2600265684 /* Images.xcassets */; };
		BC2783C81AA1DC2600265684 /* XCTest.framework in Frameworks */ = {isa = PBXBuildFile; fileRef = BC2783C71AA1DC2600265684 /* XCTest.framework */; };
		BC2783C91AA1DC2600265684 /* Foundation.framework in Frameworks */ = {isa = PBXBuildFile; fileRef = BC2783A81AA1DC2600265684 /* Foundation.framework */; };
		BC2783CA1AA1DC2600265684 /* UIKit.framework in Frameworks */ = {isa = PBXBuildFile; fileRef = BC2783AC1AA1DC2600265684 /* UIKit.framework */; };
		BC2783D21AA1DC2600265684 /* InfoPlist.strings in Resources */ = {isa = PBXBuildFile; fileRef = BC2783D01AA1DC2600265684 /* InfoPlist.strings */; };
		BC2783D41AA1DC2600265684 /* xib___cellTests.m in Sources */ = {isa = PBXBuildFile; fileRef = BC2783D31AA1DC2600265684 /* xib___cellTests.m */; };
		BC2783DE1AA1DD3A00265684 /* citysMessage.plist in Resources */ = {isa = PBXBuildFile; fileRef = BC2783DD1AA1DD3A00265684 /* citysMessage.plist */; };
		BC2783E21AA1E0D300265684 /* MyCitys.m in Sources */ = {isa = PBXBuildFile; fileRef = BC2783E11AA1E0D300265684 /* MyCitys.m */; };
		BC2783E71AA1E4CD00265684 /* MyCell.m in Sources */ = {isa = PBXBuildFile; fileRef = BC2783E51AA1E4CD00265684 /* MyCell.m */; };
		BC2783E81AA1E4CD00265684 /* MyCell.xib in Resources */ = {isa = PBXBuildFile; fileRef = BC2783E61AA1E4CD00265684 /* MyCell.xib */; };
		BC2783EA1AA1F2D100265684 /* picture1.jpg in Resources */ = {isa = PBXBuildFile; fileRef = BC2783E91AA1F2D100265684 /* picture1.jpg */; };
/* End PBXBuildFile section */

/* Begin PBXContainerItemProxy section */
		BC2783CB1AA1DC2600265684 /* PBXContainerItemProxy */ = {
			isa = PBXContainerItemProxy;
			containerPortal = BC27839D1AA1DC2600265684 /* Project object */;
			proxyType = 1;
			remoteGlobalIDString = BC2783A41AA1DC2600265684;
			remoteInfo = "xib自定义cell";
		};
/* End PBXContainerItemProxy section */

/* Begin PBXFileReference section */
		BC2783A51AA1DC2600265684 /* xib自定义cell.app */ = {isa = PBXFileReference; explicitFileType = wrapper.application; includeInIndex = 0; path = "xib自定义cell.app"; sourceTree = BUILT_PRODUCTS_DIR; };
		BC2783A81AA1DC2600265684 /* Foundation.framework */ = {isa = PBXFileReference; lastKnownFileType = wrapper.framework; name = Foundation.framework; path = System/Library/Frameworks/Foundation.framework; sourceTree = SDKROOT; };
		BC2783AA1AA1DC2600265684 /* CoreGraphics.framework */ = {isa = PBXFileReference; lastKnownFileType = wrapper.framework; name = CoreGraphics.framework; path = System/Library/Frameworks/CoreGraphics.framework; sourceTree = SDKROOT; };
		BC2783AC1AA1DC2600265684 /* UIKit.framework */ = {isa = PBXFileReference; lastKnownFileType = wrapper.framework; name = UIKit.framework; path = System/Library/Frameworks/UIKit.framework; sourceTree = SDKROOT; };
		BC2783B01AA1DC2600265684 /* xib自定义cell-Info.plist */ = {isa = PBXFileReference; lastKnownFileType = text.plist.xml; path = "xib自定义cell-Info.plist"; sourceTree = "<group>"; };
		BC2783B21AA1DC2600265684 /* en */ = {isa = PBXFileReference; lastKnownFileType = text.plist.strings; name = en; path = en.lproj/InfoPlist.strings; sourceTree = "<group>"; };
		BC2783B41AA1DC2600265684 /* main.m */ = {isa = PBXFileReference; lastKnownFileType = sourcecode.c.objc; path = main.m; sourceTree = "<group>"; };
		BC2783B61AA1DC2600265684 /* xib自定义cell-Prefix.pch */ = {isa = PBXFileReference; lastKnownFileType = sourcecode.c.h; path = "xib自定义cell-Prefix.pch"; sourceTree = "<group>"; };
		BC2783B71AA1DC2600265684 /* AppDelegate.h */ = {isa = PBXFileReference; lastKnownFileType = sourcecode.c.h; path = AppDelegate.h; sourceTree = "<group>"; };
		BC2783B81AA1DC2600265684 /* AppDelegate.m */ = {isa = PBXFileReference; lastKnownFileType = sourcecode.c.objc; path = AppDelegate.m; sourceTree = "<group>"; };
		BC2783BB1AA1DC2600265684 /* Base */ = {isa = PBXFileReference; lastKnownFileType = file.storyboard; name = Base; path = Base.lproj/Main.storyboard; sourceTree = "<group>"; };
		BC2783BD1AA1DC2600265684 /* ViewController.h */ = {isa = PBXFileReference; lastKnownFileType = sourcecode.c.h; path = ViewController.h; sourceTree = "<group>"; };
		BC2783BE1AA1DC2600265684 /* ViewController.m */ = {isa = PBXFileReference; lastKnownFileType = sourcecode.c.objc; path = ViewController.m; sourceTree = "<group>"; };
		BC2783C01AA1DC2600265684 /* Images.xcassets */ = {isa = PBXFileReference; lastKnownFileType = folder.assetcatalog; path = Images.xcassets; sourceTree = "<group>"; };
		BC2783C61AA1DC2600265684 /* xib自定义cellTests.xctest */ = {isa = PBXFileReference; explicitFileType = wrapper.cfbundle; includeInIndex = 0; path = "xib自定义cellTests.xctest"; sourceTree = BUILT_PRODUCTS_DIR; };
		BC2783C71AA1DC2600265684 /* XCTest.framework */ = {isa = PBXFileReference; lastKnownFileType = wrapper.framework; name = XCTest.framework; path = Library/Frameworks/XCTest.framework; sourceTree = DEVELOPER_DIR; };
		BC2783CF1AA1DC2600265684 /* xib自定义cellTests-Info.plist */ = {isa = PBXFileReference; lastKnownFileType = text.plist.xml; path = "xib自定义cellTests-Info.plist"; sourceTree = "<group>"; };
		BC2783D11AA1DC2600265684 /* en */ = {isa = PBXFileReference; lastKnownFileType = text.plist.strings; name = en; path = en.lproj/InfoPlist.strings; sourceTree = "<group>"; };
		BC2783D31AA1DC2600265684 /* xib___cellTests.m */ = {isa = PBXFileReference; lastKnownFileType = sourcecode.c.objc; path = "xib___cellTests.m"; sourceTree = "<group>"; };
		BC2783DD1AA1DD3A00265684 /* citysMessage.plist */ = {isa = PBXFileReference; fileEncoding = 4; lastKnownFileType = text.plist.xml; path = citysMessage.plist; sourceTree = "<group>"; };
		BC2783E01AA1E0D300265684 /* MyCitys.h */ = {isa = PBXFileReference; fileEncoding = 4; lastKnownFileType = sourcecode.c.h; path = MyCitys.h; sourceTree = "<group>"; };
		BC2783E11AA1E0D300265684 /* MyCitys.m */ = {isa = PBXFileReference; fileEncoding = 4; lastKnownFileType = sourcecode.c.objc; path = MyCitys.m; sourceTree = "<group>"; };
		BC2783E41AA1E4CD00265684 /* MyCell.h */ = {isa = PBXFileReference; fileEncoding = 4; lastKnownFileType = sourcecode.c.h; path = MyCell.h; sourceTree = "<group>"; };
		BC2783E51AA1E4CD00265684 /* MyCell.m */ = {isa = PBXFileReference; fileEncoding = 4; lastKnownFileType = sourcecode.c.objc; path = MyCell.m; sourceTree = "<group>"; };
		BC2783E61AA1E4CD00265684 /* MyCell.xib */ = {isa = PBXFileReference; fileEncoding = 4; lastKnownFileType = file.xib; path = MyCell.xib; sourceTree = "<group>"; };
		BC2783E91AA1F2D100265684 /* picture1.jpg */ = {isa = PBXFileReference; lastKnownFileType = image.jpeg; path = picture1.jpg; sourceTree = "<group>"; };
/* End PBXFileReference section */

/* Begin PBXFrameworksBuildPhase section */
		BC2783A21AA1DC2600265684 /* Frameworks */ = {
			isa = PBXFrameworksBuildPhase;
			buildActionMask = 2147483647;
			files = (
				BC2783AB1AA1DC2600265684 /* CoreGraphics.framework in Frameworks */,
				BC2783AD1AA1DC2600265684 /* UIKit.framework in Frameworks */,
				BC2783A91AA1DC2600265684 /* Foundation.framework in Frameworks */,
			);
			runOnlyForDeploymentPostprocessing = 0;
		};
		BC2783C31AA1DC2600265684 /* Frameworks */ = {
			isa = PBXFrameworksBuildPhase;
			buildActionMask = 2147483647;
			files = (
				BC2783C81AA1DC2600265684 /* XCTest.framework in Frameworks */,
				BC2783CA1AA1DC2600265684 /* UIKit.framework in Frameworks */,
				BC2783C91AA1DC2600265684 /* Foundation.framework in Frameworks */,
			);
			runOnlyForDeploymentPostprocessing = 0;
		};
/* End PBXFrameworksBuildPhase section */

/* Begin PBXGroup section */
		BC27839C1AA1DC2600265684 = {
			isa = PBXGroup;
			children = (
				BC2783AE1AA1DC2600265684 /* xib自定义cell */,
				BC2783CD1AA1DC2600265684 /* xib自定义cellTests */,
				BC2783A71AA1DC2600265684 /* Frameworks */,
				BC2783A61AA1DC2600265684 /* Products */,
			);
			sourceTree = "<group>";
		};
		BC2783A61AA1DC2600265684 /* Products */ = {
			isa = PBXGroup;
			children = (
				BC2783A51AA1DC2600265684 /* xib自定义cell.app */,
				BC2783C61AA1DC2600265684 /* xib自定义cellTests.xctest */,
			);
			name = Products;
			sourceTree = "<group>";
		};
		BC2783A71AA1DC2600265684 /* Frameworks */ = {
			isa = PBXGroup;
			children = (
				BC2783A81AA1DC2600265684 /* Foundation.framework */,
				BC2783AA1AA1DC2600265684 /* CoreGraphics.framework */,
				BC2783AC1AA1DC2600265684 /* UIKit.framework */,
				BC2783C71AA1DC2600265684 /* XCTest.framework */,
			);
			name = Frameworks;
			sourceTree = "<group>";
		};
		BC2783AE1AA1DC2600265684 /* xib自定义cell */ = {
			isa = PBXGroup;
			children = (
				BC2783E91AA1F2D100265684 /* picture1.jpg */,
				BC2783DD1AA1DD3A00265684 /* citysMessage.plist */,
				BC2783B71AA1DC2600265684 /* AppDelegate.h */,
				BC2783B81AA1DC2600265684 /* AppDelegate.m */,
				BC2783BA1AA1DC2600265684 /* Main.storyboard */,
				BC2783BD1AA1DC2600265684 /* ViewController.h */,
				BC2783BE1AA1DC2600265684 /* ViewController.m */,
				BC2783E31AA1E37C00265684 /* cells */,
				BC2783DF1AA1E0B400265684 /* model */,
				BC2783C01AA1DC2600265684 /* Images.xcassets */,
				BC2783AF1AA1DC2600265684 /* Supporting Files */,
			);
			path = "xib自定义cell";
			sourceTree = "<group>";
		};
		BC2783AF1AA1DC2600265684 /* Supporting Files */ = {
			isa = PBXGroup;
			children = (
				BC2783B01AA1DC2600265684 /* xib自定义cell-Info.plist */,
				BC2783B11AA1DC2600265684 /* InfoPlist.strings */,
				BC2783B41AA1DC2600265684 /* main.m */,
				BC2783B61AA1DC2600265684 /* xib自定义cell-Prefix.pch */,
			);
			name = "Supporting Files";
			sourceTree = "<group>";
		};
		BC2783CD1AA1DC2600265684 /* xib自定义cellTests */ = {
			isa = PBXGroup;
			children = (
				BC2783D31AA1DC2600265684 /* xib___cellTests.m */,
				BC2783CE1AA1DC2600265684 /* Supporting Files */,
			);
			path = "xib自定义cellTests";
			sourceTree = "<group>";
		};
		BC2783CE1AA1DC2600265684 /* Supporting Files */ = {
			isa = PBXGroup;
			children = (
				BC2783CF1AA1DC2600265684 /* xib自定义cellTests-Info.plist */,
				BC2783D01AA1DC2600265684 /* InfoPlist.strings */,
			);
			name = "Supporting Files";
			sourceTree = "<group>";
		};
		BC2783DF1AA1E0B400265684 /* model */ = {
			isa = PBXGroup;
			children = (
				BC2783E01AA1E0D300265684 /* MyCitys.h */,
				BC2783E11AA1E0D300265684 /* MyCitys.m */,
			);
			name = model;
			sourceTree = "<group>";
		};
		BC2783E31AA1E37C00265684 /* cells */ = {
			isa = PBXGroup;
			children = (
				BC2783E41AA1E4CD00265684 /* MyCell.h */,
				BC2783E51AA1E4CD00265684 /* MyCell.m */,
				BC2783E61AA1E4CD00265684 /* MyCell.xib */,
			);
			name = cells;
			sourceTree = "<group>";
		};
/* End PBXGroup section */

/* Begin PBXNativeTarget section */
		BC2783A41AA1DC2600265684 /* xib自定义cell */ = {
			isa = PBXNativeTarget;
			buildConfigurationList = BC2783D71AA1DC2600265684 /* Build configuration list for PBXNativeTarget "xib自定义cell" */;
			buildPhases = (
				BC2783A11AA1DC2600265684 /* Sources */,
				BC2783A21AA1DC2600265684 /* Frameworks */,
				BC2783A31AA1DC2600265684 /* Resources */,
			);
			buildRules = (
			);
			dependencies = (
			);
			name = "xib自定义cell";
			productName = "xib自定义cell";
			productReference = BC2783A51AA1DC2600265684 /* xib自定义cell.app */;
			productType = "com.apple.product-type.application";
		};
		BC2783C51AA1DC2600265684 /* xib自定义cellTests */ = {
			isa = PBXNativeTarget;
			buildConfigurationList = BC2783DA1AA1DC2600265684 /* Build configuration list for PBXNativeTarget "xib自定义cellTests" */;
			buildPhases = (
				BC2783C21AA1DC2600265684 /* Sources */,
				BC2783C31AA1DC2600265684 /* Frameworks */,
				BC2783C41AA1DC2600265684 /* Resources */,
			);
			buildRules = (
			);
			dependencies = (
				BC2783CC1AA1DC2600265684 /* PBXTargetDependency */,
			);
			name = "xib自定义cellTests";
			productName = "xib自定义cellTests";
			productReference = BC2783C61AA1DC2600265684 /* xib自定义cellTests.xctest */;
			productType = "com.apple.product-type.bundle.unit-test";
		};
/* End PBXNativeTarget section */

/* Begin PBXProject section */
		BC27839D1AA1DC2600265684 /* Project object */ = {
			isa = PBXProject;
			attributes = {
				LastUpgradeCheck = 0510;
				ORGANIZATIONNAME = qianfeng;
				TargetAttributes = {
					BC2783C51AA1DC2600265684 = {
						TestTargetID = BC2783A41AA1DC2600265684;
					};
				};
			};
			buildConfigurationList = BC2783A01AA1DC2600265684 /* Build configuration list for PBXProject "xib自定义cell" */;
			compatibilityVersion = "Xcode 3.2";
			developmentRegion = English;
			hasScannedForEncodings = 0;
			knownRegions = (
				en,
				Base,
			);
			mainGroup = BC27839C1AA1DC2600265684;
			productRefGroup = BC2783A61AA1DC2600265684 /* Products */;
			projectDirPath = "";
			projectRoot = "";
			targets = (
				BC2783A41AA1DC2600265684 /* xib自定义cell */,
				BC2783C51AA1DC2600265684 /* xib自定义cellTests */,
			);
		};
/* End PBXProject section */

/* Begin PBXResourcesBuildPhase section */
		BC2783A31AA1DC2600265684 /* Resources */ = {
			isa = PBXResourcesBuildPhase;
			buildActionMask = 2147483647;
			files = (
				BC2783EA1AA1F2D100265684 /* picture1.jpg in Resources */,
				BC2783C11AA1DC2600265684 /* Images.xcassets in Resources */,
				BC2783DE1AA1DD3A00265684 /* citysMessage.plist in Resources */,
				BC2783B31AA1DC2600265684 /* InfoPlist.strings in Resources */,
				BC2783BC1AA1DC2600265684 /* Main.storyboard in Resources */,
				BC2783E81AA1E4CD00265684 /* MyCell.xib in Resources */,
			);
			runOnlyForDeploymentPostprocessing = 0;
		};
		BC2783C41AA1DC2600265684 /* Resources */ = {
			isa = PBXResourcesBuildPhase;
			buildActionMask = 2147483647;
			files = (
				BC2783D21AA1DC2600265684 /* InfoPlist.strings in Resources */,
			);
			runOnlyForDeploymentPostprocessing = 0;
		};
/* End PBXResourcesBuildPhase section */

/* Begin PBXSourcesBuildPhase section */
		BC2783A11AA1DC2600265684 /* Sources */ = {
			isa = PBXSourcesBuildPhase;
			buildActionMask = 2147483647;
			files = (
				BC2783BF1AA1DC2600265684 /* ViewController.m in Sources */,
				BC2783B91AA1DC2600265684 /* AppDelegate.m in Sources */,
				BC2783E21AA1E0D300265684 /* MyCitys.m in Sources */,
				BC2783E71AA1E4CD00265684 /* MyCell.m in Sources */,
				BC2783B51AA1DC2600265684 /* main.m in Sources */,
			);
			runOnlyForDeploymentPostprocessing = 0;
		};
		BC2783C21AA1DC2600265684 /* Sources */ = {
			isa = PBXSourcesBuildPhase;
			buildActionMask = 2147483647;
			files = (
				BC2783D41AA1DC2600265684 /* xib___cellTests.m in Sources */,
			);
			runOnlyForDeploymentPostprocessing = 0;
		};
/* End PBXSourcesBuildPhase section */

/* Begin PBXTargetDependency section */
		BC2783CC1AA1DC2600265684 /* PBXTargetDependency */ = {
			isa = PBXTargetDependency;
			target = BC2783A41AA1DC2600265684 /* xib自定义cell */;
			targetProxy = BC2783CB1AA1DC2600265684 /* PBXContainerItemProxy */;
		};
/* End PBXTargetDependency section */

/* Begin PBXVariantGroup section */
		BC2783B11AA1DC2600265684 /* InfoPlist.strings */ = {
			isa = PBXVariantGroup;
			children = (
				BC2783B21AA1DC2600265684 /* en */,
			);
			name = InfoPlist.strings;
			sourceTree = "<group>";
		};
		BC2783BA1AA1DC2600265684 /* Main.storyboard */ = {
			isa = PBXVariantGroup;
			children = (
				BC2783BB1AA1DC2600265684 /* Base */,
			);
			name = Main.storyboard;
			sourceTree = "<group>";
		};
		BC2783D01AA1DC2600265684 /* InfoPlist.strings */ = {
			isa = PBXVariantGroup;
			children = (
				BC2783D11AA1DC2600265684 /* en */,
			);
			name = InfoPlist.strings;
			sourceTree = "<group>";
		};
/* End PBXVariantGroup section */

/* Begin XCBuildConfiguration section */
		BC2783D51AA1DC2600265684 /* Debug */ = {
			isa = XCBuildConfiguration;
			buildSettings = {
				ALWAYS_SEARCH_USER_PATHS = NO;
				CLANG_CXX_LANGUAGE_STANDARD = "gnu++0x";
				CLANG_CXX_LIBRARY = "libc++";
				CLANG_ENABLE_MODULES = YES;
				CLANG_ENABLE_OBJC_ARC = YES;
				CLANG_WARN_BOOL_CONVERSION = YES;
				CLANG_WARN_CONSTANT_CONVERSION = YES;
				CLANG_WARN_DIRECT_OBJC_ISA_USAGE = YES_ERROR;
				CLANG_WARN_EMPTY_BODY = YES;
				CLANG_WARN_ENUM_CONVERSION = YES;
				CLANG_WARN_INT_CONVERSION = YES;
				CLANG_WARN_OBJC_ROOT_CLASS = YES_ERROR;
				CLANG_WARN__DUPLICATE_METHOD_MATCH = YES;
				"CODE_SIGN_IDENTITY[sdk=iphoneos*]" = "iPhone Developer";
				COPY_PHASE_STRIP = NO;
				GCC_C_LANGUAGE_STANDARD = gnu99;
				GCC_DYNAMIC_NO_PIC = NO;
				GCC_OPTIMIZATION_LEVEL = 0;
				GCC_PREPROCESSOR_DEFINITIONS = (
					"DEBUG=1",
					"$(inherited)",
				);
				GCC_SYMBOLS_PRIVATE_EXTERN = NO;
				GCC_WARN_64_TO_32_BIT_CONVERSION = YES;
				GCC_WARN_ABOUT_RETURN_TYPE = YES_ERROR;
				GCC_WARN_UNDECLARED_SELECTOR = YES;
				GCC_WARN_UNINITIALIZED_AUTOS = YES_AGGRESSIVE;
				GCC_WARN_UNUSED_FUNCTION = YES;
				GCC_WARN_UNUSED_VARIABLE = YES;
				IPHONEOS_DEPLOYMENT_TARGET = 7.1;
				ONLY_ACTIVE_ARCH = YES;
				SDKROOT = iphoneos;
			};
			name = Debug;
		};
		BC2783D61AA1DC2600265684 /* Release */ = {
			isa = XCBuildConfiguration;
			buildSettings = {
				ALWAYS_SEARCH_USER_PATHS = NO;
				CLANG_CXX_LANGUAGE_STANDARD = "gnu++0x";
				CLANG_CXX_LIBRARY = "libc++";
				CLANG_ENABLE_MODULES = YES;
				CLANG_ENABLE_OBJC_ARC = YES;
				CLANG_WARN_BOOL_CONVERSION = YES;
				CLANG_WARN_CONSTANT_CONVERSION = YES;
				CLANG_WARN_DIRECT_OBJC_ISA_USAGE = YES_ERROR;
				CLANG_WARN_EMPTY_BODY = YES;
				CLANG_WARN_ENUM_CONVERSION = YES;
				CLANG_WARN_INT_CONVERSION = YES;
				CLANG_WARN_OBJC_ROOT_CLASS = YES_ERROR;
				CLANG_WARN__DUPLICATE_METHOD_MATCH = YES;
				"CODE_SIGN_IDENTITY[sdk=iphoneos*]" = "iPhone Developer";
				COPY_PHASE_STRIP = YES;
				ENABLE_NS_ASSERTIONS = NO;
				GCC_C_LANGUAGE_STANDARD = gnu99;
				GCC_WARN_64_TO_32_BIT_CONVERSION = YES;
				GCC_WARN_ABOUT_RETURN_TYPE = YES_ERROR;
				GCC_WARN_UNDECLARED_SELECTOR = YES;
				GCC_WARN_UNINITIALIZED_AUTOS = YES_AGGRESSIVE;
				GCC_WARN_UNUSED_FUNCTION = YES;
				GCC_WARN_UNUSED_VARIABLE = YES;
				IPHONEOS_DEPLOYMENT_TARGET = 7.1;
				SDKROOT = iphoneos;
				VALIDATE_PRODUCT = YES;
			};
			name = Release;
		};
		BC2783D81AA1DC2600265684 /* Debug */ = {
			isa = XCBuildConfiguration;
			buildSettings = {
				ASSETCATALOG_COMPILER_APPICON_NAME = AppIcon;
				ASSETCATALOG_COMPILER_LAUNCHIMAGE_NAME = LaunchImage;
				GCC_PRECOMPILE_PREFIX_HEADER = YES;
				GCC_PREFIX_HEADER = "xib自定义cell/xib自定义cell-Prefix.pch";
				INFOPLIST_FILE = "xib自定义cell/xib自定义cell-Info.plist";
				PRODUCT_NAME = "$(TARGET_NAME)";
				WRAPPER_EXTENSION = app;
			};
			name = Debug;
		};
		BC2783D91AA1DC2600265684 /* Release */ = {
			isa = XCBuildConfiguration;
			buildSettings = {
				ASSETCATALOG_COMPILER_APPICON_NAME = AppIcon;
				ASSETCATALOG_COMPILER_LAUNCHIMAGE_NAME = LaunchImage;
				GCC_PRECOMPILE_PREFIX_HEADER = YES;
				GCC_PREFIX_HEADER = "xib自定义cell/xib自定义cell-Prefix.pch";
				INFOPLIST_FILE = "xib自定义cell/xib自定义cell-Info.plist";
				PRODUCT_NAME = "$(TARGET_NAME)";
				WRAPPER_EXTENSION = app;
			};
			name = Release;
		};
		BC2783DB1AA1DC2600265684 /* Debug */ = {
			isa = XCBuildConfiguration;
			buildSettings = {
				BUNDLE_LOADER = "$(BUILT_PRODUCTS_DIR)/xib自定义cell.app/xib自定义cell";
				FRAMEWORK_SEARCH_PATHS = (
					"$(SDKROOT)/Developer/Library/Frameworks",
					"$(inherited)",
					"$(DEVELOPER_FRAMEWORKS_DIR)",
				);
				GCC_PRECOMPILE_PREFIX_HEADER = YES;
				GCC_PREFIX_HEADER = "xib自定义cell/xib自定义cell-Prefix.pch";
				GCC_PREPROCESSOR_DEFINITIONS = (
					"DEBUG=1",
					"$(inherited)",
				);
				INFOPLIST_FILE = "xib自定义cellTests/xib自定义cellTests-Info.plist";
				PRODUCT_NAME = "$(TARGET_NAME)";
				TEST_HOST = "$(BUNDLE_LOADER)";
				WRAPPER_EXTENSION = xctest;
			};
			name = Debug;
		};
		BC2783DC1AA1DC2600265684 /* Release */ = {
			isa = XCBuildConfiguration;
			buildSettings = {
				BUNDLE_LOADER = "$(BUILT_PRODUCTS_DIR)/xib自定义cell.app/xib自定义cell";
				FRAMEWORK_SEARCH_PATHS = (
					"$(SDKROOT)/Developer/Library/Frameworks",
					"$(inherited)",
					"$(DEVELOPER_FRAMEWORKS_DIR)",
				);
				GCC_PRECOMPILE_PREFIX_HEADER = YES;
				GCC_PREFIX_HEADER = "xib自定义cell/xib自定义cell-Prefix.pch";
				INFOPLIST_FILE = "xib自定义cellTests/xib自定义cellTests-Info.plist";
				PRODUCT_NAME = "$(TARGET_NAME)";
				TEST_HOST = "$(BUNDLE_LOADER)";
				WRAPPER_EXTENSION = xctest;
			};
			name = Release;
		};
/* End XCBuildConfiguration section */

/* Begin XCConfigurationList section */
		BC2783A01AA1DC2600265684 /* Build configuration list for PBXProject "xib自定义cell" */ = {
			isa = XCConfigurationList;
			buildConfigurations = (
				BC2783D51AA1DC2600265684 /* Debug */,
				BC2783D61AA1DC2600265684 /* Release */,
			);
			defaultConfigurationIsVisible = 0;
			defaultConfigurationName = Release;
		};
		BC2783D71AA1DC2600265684 /* Build configuration list for PBXNativeTarget "xib自定义cell" */ = {
			isa = XCConfigurationList;
			buildConfigurations = (
				BC2783D81AA1DC2600265684 /* Debug */,
				BC2783D91AA1DC2600265684 /* Release */,
			);
			defaultConfigurationIsVisible = 0;
			defaultConfigurationName = Release;
		};
		BC2783DA1AA1DC2600265684 /* Build configuration list for PBXNativeTarget "xib自定义cellTests" */ = {
			isa = XCConfigurationList;
			buildConfigurations = (
				BC2783DB1AA1DC2600265684 /* Debug */,
				BC2783DC1AA1DC2600265684 /* Release */,
			);
			defaultConfigurationIsVisible = 0;
			defaultConfigurationName = Release;
		};
/* End XCConfigurationList section */
	};
	rootObject = BC27839D1AA1DC2600265684 /* Project object */;
}
